
Microsoft Visual Studio Solution File, Format Version 12.00
# Visual Studio Version 17
VisualStudioVersion = 17.11.35327.3
MinimumVisualStudioVersion = 10.0.40219.1
Project("{FAE04EC0-301F-11D3-BF4B-00C04F79EFBC}") = "Domain.LavaCar", "Domain.LavaCar\Domain.LavaCar.csproj", "{652D4414-2E0C-4B7D-8640-1282E9B310BD}"
EndProject
Project("{FAE04EC0-301F-11D3-BF4B-00C04F79EFBC}") = "Infrastructure.LavaCar", "Infrastructure.LavaCar\Infrastructure.LavaCar.csproj", "{D574B1BC-8527-430F-BA51-E0F347A852AD}"
	ProjectSection(ProjectDependencies) = postProject
		{70FC682A-334F-4FF1-B4B2-2CCDF7264DF7} = {70FC682A-334F-4FF1-B4B2-2CCDF7264DF7}
	EndProjectSection
EndProject
Project("{FAE04EC0-301F-11D3-BF4B-00C04F79EFBC}") = "Shared", "Shared\Shared.csproj", "{06E98504-F54B-47D7-BE52-D036B4030F81}"
EndProject
Project("{FAE04EC0-301F-11D3-BF4B-00C04F79EFBC}") = "Web.LavaCar", "Web.LavaCar\Web.LavaCar.csproj", "{69B74B70-5819-4D1F-8A48-D0A3551218B9}"
	ProjectSection(ProjectDependencies) = postProject
		{70FC682A-334F-4FF1-B4B2-2CCDF7264DF7} = {70FC682A-334F-4FF1-B4B2-2CCDF7264DF7}
	EndProjectSection
EndProject
Project("{FAE04EC0-301F-11D3-BF4B-00C04F79EFBC}") = "Application.LavaCar", "Application.LavaCar\Application.LavaCar.csproj", "{70FC682A-334F-4FF1-B4B2-2CCDF7264DF7}"
	ProjectSection(ProjectDependencies) = postProject
		{06E98504-F54B-47D7-BE52-D036B4030F81} = {06E98504-F54B-47D7-BE52-D036B4030F81}
		{652D4414-2E0C-4B7D-8640-1282E9B310BD} = {652D4414-2E0C-4B7D-8640-1282E9B310BD}
	EndProjectSection
EndProject
Global
	GlobalSection(SolutionConfigurationPlatforms) = preSolution
		Debug|Any CPU = Debug|Any CPU
		Release|Any CPU = Release|Any CPU
	EndGlobalSection
	GlobalSection(ProjectConfigurationPlatforms) = postSolution
		{652D4414-2E0C-4B7D-8640-1282E9B310BD}.Debug|Any CPU.ActiveCfg = Debug|Any CPU
		{652D4414-2E0C-4B7D-8640-1282E9B310BD}.Debug|Any CPU.Build.0 = Debug|Any CPU
		{652D4414-2E0C-4B7D-8640-1282E9B310BD}.Release|Any CPU.ActiveCfg = Release|Any CPU
		{652D4414-2E0C-4B7D-8640-1282E9B310BD}.Release|Any CPU.Build.0 = Release|Any CPU
		{D574B1BC-8527-430F-BA51-E0F347A852AD}.Debug|Any CPU.ActiveCfg = Debug|Any CPU
		{D574B1BC-8527-430F-BA51-E0F347A852AD}.Debug|Any CPU.Build.0 = Debug|Any CPU
		{D574B1BC-8527-430F-BA51-E0F347A852AD}.Release|Any CPU.ActiveCfg = Release|Any CPU
		{D574B1BC-8527-430F-BA51-E0F347A852AD}.Release|Any CPU.Build.0 = Release|Any CPU
		{06E98504-F54B-47D7-BE52-D036B4030F81}.Debug|Any CPU.ActiveCfg = Debug|Any CPU
		{06E98504-F54B-47D7-BE52-D036B4030F81}.Debug|Any CPU.Build.0 = Debug|Any CPU
		{06E98504-F54B-47D7-BE52-D036B4030F81}.Release|Any CPU.ActiveCfg = Release|Any CPU
		{06E98504-F54B-47D7-BE52-D036B4030F81}.Release|Any CPU.Build.0 = Release|Any CPU
		{69B74B70-5819-4D1F-8A48-D0A3551218B9}.Debug|Any CPU.ActiveCfg = Debug|Any CPU
		{69B74B70-5819-4D1F-8A48-D0A3551218B9}.Debug|Any CPU.Build.0 = Debug|Any CPU
		{69B74B70-5819-4D1F-8A48-D0A3551218B9}.Release|Any CPU.ActiveCfg = Release|Any CPU
		{69B74B70-5819-4D1F-8A48-D0A3551218B9}.Release|Any CPU.Build.0 = Release|Any CPU
		{70FC682A-334F-4FF1-B4B2-2CCDF7264DF7}.Debug|Any CPU.ActiveCfg = Debug|Any CPU
		{70FC682A-334F-4FF1-B4B2-2CCDF7264DF7}.Debug|Any CPU.Build.0 = Debug|Any CPU
		{70FC682A-334F-4FF1-B4B2-2CCDF7264DF7}.Release|Any CPU.ActiveCfg = Release|Any CPU
		{70FC682A-334F-4FF1-B4B2-2CCDF7264DF7}.Release|Any CPU.Build.0 = Release|Any CPU
	EndGlobalSection
	GlobalSection(SolutionProperties) = preSolution
		HideSolutionNode = FALSE
	EndGlobalSection
	GlobalSection(ExtensibilityGlobals) = postSolution
		SolutionGuid = {149D0FD1-6F0D-43D3-BBF8-32BF82E93574}
	EndGlobalSection
EndGlobal
